
Microsoft Visual Studio Solution File, Format Version 12.00
# Visual Studio Version 17
VisualStudioVersion = 17.7.33906.173
MinimumVisualStudioVersion = 10.0.40219.1
Project("{FAE04EC0-301F-11D3-BF4B-00C04F79EFBC}") = "DelayCertificateCreationSoftware", "DelayCertificateCreationSoftware\DelayCertificateCreationSoftware.csproj", "{3DC2D0E8-A7FE-42F0-B58E-DA049E4BBFEB}"
EndProject
Global
	GlobalSection(SolutionConfigurationPlatforms) = preSolution
		Debug|Any CPU = Debug|Any CPU
		Release|Any CPU = Release|Any CPU
	EndGlobalSection
	GlobalSection(ProjectConfigurationPlatforms) = postSolution
		{3DC2D0E8-A7FE-42F0-B58E-DA049E4BBFEB}.Debug|Any CPU.ActiveCfg = Debug|Any CPU
		{3DC2D0E8-A7FE-42F0-B58E-DA049E4BBFEB}.Debug|Any CPU.Build.0 = Debug|Any CPU
		{3DC2D0E8-A7FE-42F0-B58E-DA049E4BBFEB}.Release|Any CPU.ActiveCfg = Release|Any CPU
		{3DC2D0E8-A7FE-42F0-B58E-DA049E4BBFEB}.Release|Any CPU.Build.0 = Release|Any CPU
	EndGlobalSection
	GlobalSection(SolutionProperties) = preSolution
		HideSolutionNode = FALSE
	EndGlobalSection
	GlobalSection(ExtensibilityGlobals) = postSolution
		SolutionGuid = {37A7CA27-19CC-4927-BDCD-52CBB788CBC9}
	EndGlobalSection
EndGlobal
